// !$*UTF8*$!
{
	archiveVersion = 1;
	classes = {
	};
	objectVersion = 55;
	objects = {

/* Begin PBXBuildFile section */
		5100FEDB28F0B7F1007459BE /* Extentions.swift in Sources */ = {isa = PBXBuildFile; fileRef = 5100FEDA28F0B7F1007459BE /* Extentions.swift */; };
		51309A5728EBF5660048243C /* Api.swift in Sources */ = {isa = PBXBuildFile; fileRef = 51309A5628EBF5660048243C /* Api.swift */; };
		5138EF4028E57AA100941FC3 /* Launch Screen.storyboard in Resources */ = {isa = PBXBuildFile; fileRef = 5138EF3F28E57AA100941FC3 /* Launch Screen.storyboard */; };
		51487EF428F1F13B0095AE3B /* SwiftUIView.swift in Sources */ = {isa = PBXBuildFile; fileRef = 51487EF328F1F13B0095AE3B /* SwiftUIView.swift */; };
		51598ABC28E63E1900F18E0F /* NewsView.swift in Sources */ = {isa = PBXBuildFile; fileRef = 51598ABB28E63E1900F18E0F /* NewsView.swift */; };
		51598ABE28E63E3E00F18E0F /* FindView.swift in Sources */ = {isa = PBXBuildFile; fileRef = 51598ABD28E63E3E00F18E0F /* FindView.swift */; };
		51598AC028E63E7C00F18E0F /* UserView.swift in Sources */ = {isa = PBXBuildFile; fileRef = 51598ABF28E63E7C00F18E0F /* UserView.swift */; };
		51598AC228E63EAB00F18E0F /* ScheduleView.swift in Sources */ = {isa = PBXBuildFile; fileRef = 51598AC128E63EAB00F18E0F /* ScheduleView.swift */; };
		5179CFE128DDD2EB00573D5B /* Enums.swift in Sources */ = {isa = PBXBuildFile; fileRef = 5179CFE028DDD2EB00573D5B /* Enums.swift */; };
		51AF1D0928E5AB1300FE18CB /* ScheduleCardView.swift in Sources */ = {isa = PBXBuildFile; fileRef = 51AF1D0828E5AB1300FE18CB /* ScheduleCardView.swift */; };
		51C60F1828B00DCB009AD9B9 /* KubSTU_iOSApp.swift in Sources */ = {isa = PBXBuildFile; fileRef = 51C60F1728B00DCB009AD9B9 /* KubSTU_iOSApp.swift */; };
		51C60F1A28B00DCB009AD9B9 /* MainView.swift in Sources */ = {isa = PBXBuildFile; fileRef = 51C60F1928B00DCB009AD9B9 /* MainView.swift */; };
		51C60F1C28B00DCB009AD9B9 /* Assets.xcassets in Resources */ = {isa = PBXBuildFile; fileRef = 51C60F1B28B00DCB009AD9B9 /* Assets.xcassets */; };
		51D9CDA628EC252F0070417D /* TeacherScheduleView.swift in Sources */ = {isa = PBXBuildFile; fileRef = 51D9CDA528EC252F0070417D /* TeacherScheduleView.swift */; };
		81BB8952933B3A503A4BD365 /* Pods_KubSTU_iOS.framework in Frameworks */ = {isa = PBXBuildFile; fileRef = E34EC946AB5C93AAAE901F0D /* Pods_KubSTU_iOS.framework */; };
/* End PBXBuildFile section */

/* Begin PBXFileReference section */
		1ED3613BBB51FAF214C11E5C /* Pods-KubSTU-iOS.release.xcconfig */ = {isa = PBXFileReference; includeInIndex = 1; lastKnownFileType = text.xcconfig; name = "Pods-KubSTU-iOS.release.xcconfig"; path = "Target Support Files/Pods-KubSTU-iOS/Pods-KubSTU-iOS.release.xcconfig"; sourceTree = "<group>"; };
		5100FEDA28F0B7F1007459BE /* Extentions.swift */ = {isa = PBXFileReference; lastKnownFileType = sourcecode.swift; path = Extentions.swift; sourceTree = "<group>"; };
		51309A5628EBF5660048243C /* Api.swift */ = {isa = PBXFileReference; lastKnownFileType = sourcecode.swift; name = Api.swift; path = Connect/Api.swift; sourceTree = "<group>"; };
		5138EF3F28E57AA100941FC3 /* Launch Screen.storyboard */ = {isa = PBXFileReference; lastKnownFileType = file.storyboard; path = "Launch Screen.storyboard"; sourceTree = "<group>"; };
		513DDE5628B00E9700D09559 /* Info.plist */ = {isa = PBXFileReference; lastKnownFileType = text.plist; path = Info.plist; sourceTree = "<group>"; };
		51487EF328F1F13B0095AE3B /* SwiftUIView.swift */ = {isa = PBXFileReference; lastKnownFileType = sourcecode.swift; path = SwiftUIView.swift; sourceTree = "<group>"; };
		51598ABB28E63E1900F18E0F /* NewsView.swift */ = {isa = PBXFileReference; lastKnownFileType = sourcecode.swift; path = NewsView.swift; sourceTree = "<group>"; };
		51598ABD28E63E3E00F18E0F /* FindView.swift */ = {isa = PBXFileReference; lastKnownFileType = sourcecode.swift; path = FindView.swift; sourceTree = "<group>"; };
		51598ABF28E63E7C00F18E0F /* UserView.swift */ = {isa = PBXFileReference; lastKnownFileType = sourcecode.swift; path = UserView.swift; sourceTree = "<group>"; };
		51598AC128E63EAB00F18E0F /* ScheduleView.swift */ = {isa = PBXFileReference; lastKnownFileType = sourcecode.swift; path = ScheduleView.swift; sourceTree = "<group>"; };
		5179CFE028DDD2EB00573D5B /* Enums.swift */ = {isa = PBXFileReference; lastKnownFileType = sourcecode.swift; path = Enums.swift; sourceTree = "<group>"; };
		51AF1D0828E5AB1300FE18CB /* ScheduleCardView.swift */ = {isa = PBXFileReference; lastKnownFileType = sourcecode.swift; path = ScheduleCardView.swift; sourceTree = "<group>"; };
		51C60F1428B00DCB009AD9B9 /* КубГТУ.app */ = {isa = PBXFileReference; explicitFileType = wrapper.application; includeInIndex = 0; path = "КубГТУ.app"; sourceTree = BUILT_PRODUCTS_DIR; };
		51C60F1728B00DCB009AD9B9 /* KubSTU_iOSApp.swift */ = {isa = PBXFileReference; lastKnownFileType = sourcecode.swift; path = KubSTU_iOSApp.swift; sourceTree = "<group>"; };
		51C60F1928B00DCB009AD9B9 /* MainView.swift */ = {isa = PBXFileReference; lastKnownFileType = sourcecode.swift; path = MainView.swift; sourceTree = "<group>"; };
		51C60F1B28B00DCB009AD9B9 /* Assets.xcassets */ = {isa = PBXFileReference; lastKnownFileType = folder.assetcatalog; path = Assets.xcassets; sourceTree = "<group>"; };
		51D9CDA528EC252F0070417D /* TeacherScheduleView.swift */ = {isa = PBXFileReference; lastKnownFileType = sourcecode.swift; path = TeacherScheduleView.swift; sourceTree = "<group>"; };
		DD7B8F8DA80ED4AC605BE4DF /* Pods-KubSTU-iOS.debug.xcconfig */ = {isa = PBXFileReference; includeInIndex = 1; lastKnownFileType = text.xcconfig; name = "Pods-KubSTU-iOS.debug.xcconfig"; path = "Target Support Files/Pods-KubSTU-iOS/Pods-KubSTU-iOS.debug.xcconfig"; sourceTree = "<group>"; };
		E34EC946AB5C93AAAE901F0D /* Pods_KubSTU_iOS.framework */ = {isa = PBXFileReference; explicitFileType = wrapper.framework; includeInIndex = 0; path = Pods_KubSTU_iOS.framework; sourceTree = BUILT_PRODUCTS_DIR; };
/* End PBXFileReference section */

/* Begin PBXFrameworksBuildPhase section */
		51C60F1128B00DCB009AD9B9 /* Frameworks */ = {
			isa = PBXFrameworksBuildPhase;
			buildActionMask = 2147483647;
			files = (
				81BB8952933B3A503A4BD365 /* Pods_KubSTU_iOS.framework in Frameworks */,
			);
			runOnlyForDeploymentPostprocessing = 0;
		};
/* End PBXFrameworksBuildPhase section */

/* Begin PBXGroup section */
		0FF295839DD6E8617D559FA1 /* Pods */ = {
			isa = PBXGroup;
			children = (
				DD7B8F8DA80ED4AC605BE4DF /* Pods-KubSTU-iOS.debug.xcconfig */,
				1ED3613BBB51FAF214C11E5C /* Pods-KubSTU-iOS.release.xcconfig */,
			);
			path = Pods;
			sourceTree = "<group>";
		};
		51A7E34F28C4DF6900D7155B /* Views */ = {
			isa = PBXGroup;
			children = (
				51C60F1928B00DCB009AD9B9 /* MainView.swift */,
				51AF1D0828E5AB1300FE18CB /* ScheduleCardView.swift */,
				51598ABB28E63E1900F18E0F /* NewsView.swift */,
				51598ABD28E63E3E00F18E0F /* FindView.swift */,
				51598ABF28E63E7C00F18E0F /* UserView.swift */,
				51598AC128E63EAB00F18E0F /* ScheduleView.swift */,
				51D9CDA528EC252F0070417D /* TeacherScheduleView.swift */,
			);
			path = Views;
			sourceTree = "<group>";
		};
		51C60F0B28B00DCB009AD9B9 = {
			isa = PBXGroup;
			children = (
				51C60F1628B00DCB009AD9B9 /* KubSTU-iOS */,
				51C60F1528B00DCB009AD9B9 /* Products */,
				0FF295839DD6E8617D559FA1 /* Pods */,
				9FBEC9EBC03D82C90CA0CCFA /* Frameworks */,
			);
			sourceTree = "<group>";
		};
		51C60F1528B00DCB009AD9B9 /* Products */ = {
			isa = PBXGroup;
			children = (
				51C60F1428B00DCB009AD9B9 /* КубГТУ.app */,
			);
			name = Products;
			sourceTree = "<group>";
		};
		51C60F1628B00DCB009AD9B9 /* KubSTU-iOS */ = {
			isa = PBXGroup;
			children = (
				51A7E34F28C4DF6900D7155B /* Views */,
				513DDE5628B00E9700D09559 /* Info.plist */,
				51C60F1728B00DCB009AD9B9 /* KubSTU_iOSApp.swift */,
				51C60F1B28B00DCB009AD9B9 /* Assets.xcassets */,
				51C60F1D28B00DCB009AD9B9 /* Storyboard */,
				5179CFE028DDD2EB00573D5B /* Enums.swift */,
				51309A5628EBF5660048243C /* Api.swift */,
				5100FEDA28F0B7F1007459BE /* Extentions.swift */,
				51487EF328F1F13B0095AE3B /* SwiftUIView.swift */,
			);
			path = "KubSTU-iOS";
			sourceTree = "<group>";
		};
		51C60F1D28B00DCB009AD9B9 /* Storyboard */ = {
			isa = PBXGroup;
			children = (
				5138EF3F28E57AA100941FC3 /* Launch Screen.storyboard */,
			);
			path = Storyboard;
			sourceTree = "<group>";
		};
		9FBEC9EBC03D82C90CA0CCFA /* Frameworks */ = {
			isa = PBXGroup;
			children = (
				E34EC946AB5C93AAAE901F0D /* Pods_KubSTU_iOS.framework */,
			);
			name = Frameworks;
			sourceTree = "<group>";
		};
/* End PBXGroup section */

/* Begin PBXNativeTarget section */
		51C60F1328B00DCB009AD9B9 /* KubSTU-iOS */ = {
			isa = PBXNativeTarget;
			buildConfigurationList = 51C60F2228B00DCB009AD9B9 /* Build configuration list for PBXNativeTarget "KubSTU-iOS" */;
			buildPhases = (
				365F53AB0BC9A972CF590A72 /* [CP] Check Pods Manifest.lock */,
				51C60F1028B00DCB009AD9B9 /* Sources */,
				51C60F1128B00DCB009AD9B9 /* Frameworks */,
				51C60F1228B00DCB009AD9B9 /* Resources */,
				088E544F758CAFCA0F8F5CD0 /* [CP] Embed Pods Frameworks */,
				DF315B81B450D6600DAE19BD /* [CP] Copy Pods Resources */,
			);
			buildRules = (
			);
			dependencies = (
			);
			name = "KubSTU-iOS";
			productName = "KubSTU-iOS";
			productReference = 51C60F1428B00DCB009AD9B9 /* КубГТУ.app */;
			productType = "com.apple.product-type.application";
		};
/* End PBXNativeTarget section */

/* Begin PBXProject section */
		51C60F0C28B00DCB009AD9B9 /* Project object */ = {
			isa = PBXProject;
			attributes = {
				BuildIndependentTargetsInParallel = 1;
				LastSwiftUpdateCheck = 1340;
				LastUpgradeCheck = 1340;
				TargetAttributes = {
					51C60F1328B00DCB009AD9B9 = {
						CreatedOnToolsVersion = 13.4.1;
					};
				};
			};
			buildConfigurationList = 51C60F0F28B00DCB009AD9B9 /* Build configuration list for PBXProject "KubSTU-iOS" */;
			compatibilityVersion = "Xcode 13.0";
			developmentRegion = en;
			hasScannedForEncodings = 0;
			knownRegions = (
				en,
				Base,
			);
			mainGroup = 51C60F0B28B00DCB009AD9B9;
			productRefGroup = 51C60F1528B00DCB009AD9B9 /* Products */;
			projectDirPath = "";
			projectRoot = "";
			targets = (
				51C60F1328B00DCB009AD9B9 /* KubSTU-iOS */,
			);
		};
/* End PBXProject section */

/* Begin PBXResourcesBuildPhase section */
		51C60F1228B00DCB009AD9B9 /* Resources */ = {
			isa = PBXResourcesBuildPhase;
			buildActionMask = 2147483647;
			files = (
				5138EF4028E57AA100941FC3 /* Launch Screen.storyboard in Resources */,
				51C60F1C28B00DCB009AD9B9 /* Assets.xcassets in Resources */,
			);
			runOnlyForDeploymentPostprocessing = 0;
		};
/* End PBXResourcesBuildPhase section */

/* Begin PBXShellScriptBuildPhase section */
		088E544F758CAFCA0F8F5CD0 /* [CP] Embed Pods Frameworks */ = {
			isa = PBXShellScriptBuildPhase;
			buildActionMask = 2147483647;
			files = (
			);
			inputFileListPaths = (
				"${PODS_ROOT}/Target Support Files/Pods-KubSTU-iOS/Pods-KubSTU-iOS-frameworks-${CONFIGURATION}-input-files.xcfilelist",
			);
			name = "[CP] Embed Pods Frameworks";
			outputFileListPaths = (
				"${PODS_ROOT}/Target Support Files/Pods-KubSTU-iOS/Pods-KubSTU-iOS-frameworks-${CONFIGURATION}-output-files.xcfilelist",
			);
			runOnlyForDeploymentPostprocessing = 0;
			shellPath = /bin/sh;
			shellScript = "\"${PODS_ROOT}/Target Support Files/Pods-KubSTU-iOS/Pods-KubSTU-iOS-frameworks.sh\"\n";
			showEnvVarsInLog = 0;
		};
		365F53AB0BC9A972CF590A72 /* [CP] Check Pods Manifest.lock */ = {
			isa = PBXShellScriptBuildPhase;
			buildActionMask = 2147483647;
			files = (
			);
			inputFileListPaths = (
			);
			inputPaths = (
				"${PODS_PODFILE_DIR_PATH}/Podfile.lock",
				"${PODS_ROOT}/Manifest.lock",
			);
			name = "[CP] Check Pods Manifest.lock";
			outputFileListPaths = (
			);
			outputPaths = (
				"$(DERIVED_FILE_DIR)/Pods-KubSTU-iOS-checkManifestLockResult.txt",
			);
			runOnlyForDeploymentPostprocessing = 0;
			shellPath = /bin/sh;
			shellScript = "diff \"${PODS_PODFILE_DIR_PATH}/Podfile.lock\" \"${PODS_ROOT}/Manifest.lock\" > /dev/null\nif [ $? != 0 ] ; then\n    # print error to STDERR\n    echo \"error: The sandbox is not in sync with the Podfile.lock. Run 'pod install' or update your CocoaPods installation.\" >&2\n    exit 1\nfi\n# This output is used by Xcode 'outputs' to avoid re-running this script phase.\necho \"SUCCESS\" > \"${SCRIPT_OUTPUT_FILE_0}\"\n";
			showEnvVarsInLog = 0;
		};
		DF315B81B450D6600DAE19BD /* [CP] Copy Pods Resources */ = {
			isa = PBXShellScriptBuildPhase;
			buildActionMask = 2147483647;
			files = (
			);
			inputFileListPaths = (
				"${PODS_ROOT}/Target Support Files/Pods-KubSTU-iOS/Pods-KubSTU-iOS-resources-${CONFIGURATION}-input-files.xcfilelist",
			);
			name = "[CP] Copy Pods Resources";
			outputFileListPaths = (
				"${PODS_ROOT}/Target Support Files/Pods-KubSTU-iOS/Pods-KubSTU-iOS-resources-${CONFIGURATION}-output-files.xcfilelist",
			);
			runOnlyForDeploymentPostprocessing = 0;
			shellPath = /bin/sh;
			shellScript = "\"${PODS_ROOT}/Target Support Files/Pods-KubSTU-iOS/Pods-KubSTU-iOS-resources.sh\"\n";
			showEnvVarsInLog = 0;
		};
/* End PBXShellScriptBuildPhase section */

/* Begin PBXSourcesBuildPhase section */
		51C60F1028B00DCB009AD9B9 /* Sources */ = {
			isa = PBXSourcesBuildPhase;
			buildActionMask = 2147483647;
			files = (
				5179CFE128DDD2EB00573D5B /* Enums.swift in Sources */,
				51C60F1A28B00DCB009AD9B9 /* MainView.swift in Sources */,
				51487EF428F1F13B0095AE3B /* SwiftUIView.swift in Sources */,
				51598AC028E63E7C00F18E0F /* UserView.swift in Sources */,
				51598ABE28E63E3E00F18E0F /* FindView.swift in Sources */,
				51598AC228E63EAB00F18E0F /* ScheduleView.swift in Sources */,
				51598ABC28E63E1900F18E0F /* NewsView.swift in Sources */,
				5100FEDB28F0B7F1007459BE /* Extentions.swift in Sources */,
				51D9CDA628EC252F0070417D /* TeacherScheduleView.swift in Sources */,
				51AF1D0928E5AB1300FE18CB /* ScheduleCardView.swift in Sources */,
				51309A5728EBF5660048243C /* Api.swift in Sources */,
				51C60F1828B00DCB009AD9B9 /* KubSTU_iOSApp.swift in Sources */,
			);
			runOnlyForDeploymentPostprocessing = 0;
		};
/* End PBXSourcesBuildPhase section */

/* Begin XCBuildConfiguration section */
		51C60F2028B00DCB009AD9B9 /* Debug */ = {
			isa = XCBuildConfiguration;
			buildSettings = {
				ALWAYS_SEARCH_USER_PATHS = NO;
				CLANG_ANALYZER_NONNULL = YES;
				CLANG_ANALYZER_NUMBER_OBJECT_CONVERSION = YES_AGGRESSIVE;
				CLANG_CXX_LANGUAGE_STANDARD = "gnu++17";
				CLANG_ENABLE_MODULES = YES;
				CLANG_ENABLE_OBJC_ARC = YES;
				CLANG_ENABLE_OBJC_WEAK = YES;
				CLANG_WARN_BLOCK_CAPTURE_AUTORELEASING = YES;
				CLANG_WARN_BOOL_CONVERSION = YES;
				CLANG_WARN_COMMA = YES;
				CLANG_WARN_CONSTANT_CONVERSION = YES;
				CLANG_WARN_DEPRECATED_OBJC_IMPLEMENTATIONS = YES;
				CLANG_WARN_DIRECT_OBJC_ISA_USAGE = YES_ERROR;
				CLANG_WARN_DOCUMENTATION_COMMENTS = YES;
				CLANG_WARN_EMPTY_BODY = YES;
				CLANG_WARN_ENUM_CONVERSION = YES;
				CLANG_WARN_INFINITE_RECURSION = YES;
				CLANG_WARN_INT_CONVERSION = YES;
				CLANG_WARN_NON_LITERAL_NULL_CONVERSION = YES;
				CLANG_WARN_OBJC_IMPLICIT_RETAIN_SELF = YES;
				CLANG_WARN_OBJC_LITERAL_CONVERSION = YES;
				CLANG_WARN_OBJC_ROOT_CLASS = YES_ERROR;
				CLANG_WARN_QUOTED_INCLUDE_IN_FRAMEWORK_HEADER = YES;
				CLANG_WARN_RANGE_LOOP_ANALYSIS = YES;
				CLANG_WARN_STRICT_PROTOTYPES = YES;
				CLANG_WARN_SUSPICIOUS_MOVE = YES;
				CLANG_WARN_UNGUARDED_AVAILABILITY = YES_AGGRESSIVE;
				CLANG_WARN_UNREACHABLE_CODE = YES;
				CLANG_WARN__DUPLICATE_METHOD_MATCH = YES;
				COPY_PHASE_STRIP = NO;
				DEBUG_INFORMATION_FORMAT = dwarf;
				ENABLE_STRICT_OBJC_MSGSEND = YES;
				ENABLE_TESTABILITY = YES;
				GCC_C_LANGUAGE_STANDARD = gnu11;
				GCC_DYNAMIC_NO_PIC = NO;
				GCC_NO_COMMON_BLOCKS = YES;
				GCC_OPTIMIZATION_LEVEL = 0;
				GCC_PREPROCESSOR_DEFINITIONS = (
					"DEBUG=1",
					"$(inherited)",
				);
				GCC_WARN_64_TO_32_BIT_CONVERSION = YES;
				GCC_WARN_ABOUT_RETURN_TYPE = YES_ERROR;
				GCC_WARN_UNDECLARED_SELECTOR = YES;
				GCC_WARN_UNINITIALIZED_AUTOS = YES_AGGRESSIVE;
				GCC_WARN_UNUSED_FUNCTION = YES;
				GCC_WARN_UNUSED_VARIABLE = YES;
				IPHONEOS_DEPLOYMENT_TARGET = 14.1;
				MTL_ENABLE_DEBUG_INFO = INCLUDE_SOURCE;
				MTL_FAST_MATH = YES;
				ONLY_ACTIVE_ARCH = YES;
				SDKROOT = iphoneos;
				SWIFT_ACTIVE_COMPILATION_CONDITIONS = DEBUG;
				SWIFT_OPTIMIZATION_LEVEL = "-Onone";
			};
			name = Debug;
		};
		51C60F2128B00DCB009AD9B9 /* Release */ = {
			isa = XCBuildConfiguration;
			buildSettings = {
				ALWAYS_SEARCH_USER_PATHS = NO;
				CLANG_ANALYZER_NONNULL = YES;
				CLANG_ANALYZER_NUMBER_OBJECT_CONVERSION = YES_AGGRESSIVE;
				CLANG_CXX_LANGUAGE_STANDARD = "gnu++17";
				CLANG_ENABLE_MODULES = YES;
				CLANG_ENABLE_OBJC_ARC = YES;
				CLANG_ENABLE_OBJC_WEAK = YES;
				CLANG_WARN_BLOCK_CAPTURE_AUTORELEASING = YES;
				CLANG_WARN_BOOL_CONVERSION = YES;
				CLANG_WARN_COMMA = YES;
				CLANG_WARN_CONSTANT_CONVERSION = YES;
				CLANG_WARN_DEPRECATED_OBJC_IMPLEMENTATIONS = YES;
				CLANG_WARN_DIRECT_OBJC_ISA_USAGE = YES_ERROR;
				CLANG_WARN_DOCUMENTATION_COMMENTS = YES;
				CLANG_WARN_EMPTY_BODY = YES;
				CLANG_WARN_ENUM_CONVERSION = YES;
				CLANG_WARN_INFINITE_RECURSION = YES;
				CLANG_WARN_INT_CONVERSION = YES;
				CLANG_WARN_NON_LITERAL_NULL_CONVERSION = YES;
				CLANG_WARN_OBJC_IMPLICIT_RETAIN_SELF = YES;
				CLANG_WARN_OBJC_LITERAL_CONVERSION = YES;
				CLANG_WARN_OBJC_ROOT_CLASS = YES_ERROR;
				CLANG_WARN_QUOTED_INCLUDE_IN_FRAMEWORK_HEADER = YES;
				CLANG_WARN_RANGE_LOOP_ANALYSIS = YES;
				CLANG_WARN_STRICT_PROTOTYPES = YES;
				CLANG_WARN_SUSPICIOUS_MOVE = YES;
				CLANG_WARN_UNGUARDED_AVAILABILITY = YES_AGGRESSIVE;
				CLANG_WARN_UNREACHABLE_CODE = YES;
				CLANG_WARN__DUPLICATE_METHOD_MATCH = YES;
				COPY_PHASE_STRIP = NO;
				DEBUG_INFORMATION_FORMAT = "dwarf-with-dsym";
				ENABLE_NS_ASSERTIONS = NO;
				ENABLE_STRICT_OBJC_MSGSEND = YES;
				GCC_C_LANGUAGE_STANDARD = gnu11;
				GCC_NO_COMMON_BLOCKS = YES;
				GCC_WARN_64_TO_32_BIT_CONVERSION = YES;
				GCC_WARN_ABOUT_RETURN_TYPE = YES_ERROR;
				GCC_WARN_UNDECLARED_SELECTOR = YES;
				GCC_WARN_UNINITIALIZED_AUTOS = YES_AGGRESSIVE;
				GCC_WARN_UNUSED_FUNCTION = YES;
				GCC_WARN_UNUSED_VARIABLE = YES;
				IPHONEOS_DEPLOYMENT_TARGET = 14.1;
				MTL_ENABLE_DEBUG_INFO = NO;
				MTL_FAST_MATH = YES;
				SDKROOT = iphoneos;
				SWIFT_COMPILATION_MODE = wholemodule;
				SWIFT_OPTIMIZATION_LEVEL = "-O";
				VALIDATE_PRODUCT = YES;
			};
			name = Release;
		};
		51C60F2328B00DCB009AD9B9 /* Debug */ = {
			isa = XCBuildConfiguration;
			baseConfigurationReference = DD7B8F8DA80ED4AC605BE4DF /* Pods-KubSTU-iOS.debug.xcconfig */;
			buildSettings = {
				ASSETCATALOG_COMPILER_APPICON_NAME = "AppIcon-dev";
				ASSETCATALOG_COMPILER_GLOBAL_ACCENT_COLOR_NAME = AccentColor;
				ASSETCATALOG_COMPILER_INCLUDE_ALL_APPICON_ASSETS = YES;
				CODE_SIGN_STYLE = Automatic;
				CURRENT_PROJECT_VERSION = 1;
				DEVELOPMENT_ASSET_PATHS = "\"KubSTU-iOS\"";
				DEVELOPMENT_TEAM = 5BGNT9M68K;
				ENABLE_PREVIEWS = YES;
				GENERATE_INFOPLIST_FILE = YES;
				INFOPLIST_FILE = "KubSTU-iOS/Info.plist";
				INFOPLIST_KEY_CFBundleDisplayName = "КубГТУ";
				INFOPLIST_KEY_LSApplicationCategoryType = "public.app-category.utilities";
				INFOPLIST_KEY_UIApplicationSceneManifest_Generation = YES;
				INFOPLIST_KEY_UIApplicationSupportsIndirectInputEvents = YES;
				INFOPLIST_KEY_UILaunchStoryboardName = "Launch Screen.storyboard";
				INFOPLIST_KEY_UIStatusBarStyle = UIStatusBarStyleLightContent;
				INFOPLIST_KEY_UISupportedInterfaceOrientations = "UIInterfaceOrientationLandscapeLeft UIInterfaceOrientationLandscapeRight UIInterfaceOrientationPortrait";
				INFOPLIST_KEY_UISupportedInterfaceOrientations_iPad = UIInterfaceOrientationPortrait;
				IPHONEOS_DEPLOYMENT_TARGET = 15.0;
				LD_RUNPATH_SEARCH_PATHS = (
					"$(inherited)",
					"@executable_path/Frameworks",
				);
				MARKETING_VERSION = 0.3.1;
				PRODUCT_BUNDLE_IDENTIFIER = "com.solovevruslan.KubSTU-iOSl";
				PRODUCT_NAME = "КубГТУ";
				SUPPORTED_PLATFORMS = "iphoneos iphonesimulator";
				SUPPORTS_MACCATALYST = NO;
				SUPPORTS_MAC_DESIGNED_FOR_IPHONE_IPAD = NO;
				SWIFT_EMIT_LOC_STRINGS = YES;
				SWIFT_VERSION = 5.0;
				TARGETED_DEVICE_FAMILY = 1;
			};
			name = Debug;
		};
		51C60F2428B00DCB009AD9B9 /* Release */ = {
			isa = XCBuildConfiguration;
			baseConfigurationReference = 1ED3613BBB51FAF214C11E5C /* Pods-KubSTU-iOS.release.xcconfig */;
			buildSettings = {
				ASSETCATALOG_COMPILER_APPICON_NAME = "AppIcon-dev";
				ASSETCATALOG_COMPILER_GLOBAL_ACCENT_COLOR_NAME = AccentColor;
				ASSETCATALOG_COMPILER_INCLUDE_ALL_APPICON_ASSETS = YES;
				CODE_SIGN_IDENTITY = "Apple Development";
				CODE_SIGN_STYLE = Automatic;
				CURRENT_PROJECT_VERSION = 1;
				DEVELOPMENT_ASSET_PATHS = "\"KubSTU-iOS\"";
				DEVELOPMENT_TEAM = 5BGNT9M68K;
				ENABLE_PREVIEWS = YES;
				GENERATE_INFOPLIST_FILE = YES;
				INFOPLIST_FILE = "KubSTU-iOS/Info.plist";
				INFOPLIST_KEY_CFBundleDisplayName = "КубГТУ";
				INFOPLIST_KEY_LSApplicationCategoryType = "public.app-category.utilities";
				INFOPLIST_KEY_UIApplicationSceneManifest_Generation = YES;
				INFOPLIST_KEY_UIApplicationSupportsIndirectInputEvents = YES;
				INFOPLIST_KEY_UILaunchStoryboardName = "Launch Screen.storyboard";
				INFOPLIST_KEY_UIStatusBarStyle = UIStatusBarStyleLightContent;
				INFOPLIST_KEY_UISupportedInterfaceOrientations = "UIInterfaceOrientationLandscapeLeft UIInterfaceOrientationLandscapeRight UIInterfaceOrientationPortrait";
				INFOPLIST_KEY_UISupportedInterfaceOrientations_iPad = UIInterfaceOrientationPortrait;
				IPHONEOS_DEPLOYMENT_TARGET = 15.0;
				LD_RUNPATH_SEARCH_PATHS = (
					"$(inherited)",
					"@executable_path/Frameworks",
				);
				MARKETING_VERSION = 0.3.1;
				PRODUCT_BUNDLE_IDENTIFIER = "com.solovevruslan.KubSTU-iOSl";
				PRODUCT_NAME = "КубГТУ";
				PROVISIONING_PROFILE_SPECIFIER = "";
				SUPPORTED_PLATFORMS = "iphoneos iphonesimulator";
				SUPPORTS_MACCATALYST = NO;
				SUPPORTS_MAC_DESIGNED_FOR_IPHONE_IPAD = NO;
				SWIFT_EMIT_LOC_STRINGS = YES;
				SWIFT_VERSION = 5.0;
				TARGETED_DEVICE_FAMILY = 1;
			};
			name = Release;
		};
/* End XCBuildConfiguration section */

/* Begin XCConfigurationList section */
		51C60F0F28B00DCB009AD9B9 /* Build configuration list for PBXProject "KubSTU-iOS" */ = {
			isa = XCConfigurationList;
			buildConfigurations = (
				51C60F2028B00DCB009AD9B9 /* Debug */,
				51C60F2128B00DCB009AD9B9 /* Release */,
			);
			defaultConfigurationIsVisible = 0;
			defaultConfigurationName = Release;
		};
		51C60F2228B00DCB009AD9B9 /* Build configuration list for PBXNativeTarget "KubSTU-iOS" */ = {
			isa = XCConfigurationList;
			buildConfigurations = (
				51C60F2328B00DCB009AD9B9 /* Debug */,
				51C60F2428B00DCB009AD9B9 /* Release */,
			);
			defaultConfigurationIsVisible = 0;
			defaultConfigurationName = Release;
		};
/* End XCConfigurationList section */
	};
	rootObject = 51C60F0C28B00DCB009AD9B9 /* Project object */;
}
